
Microsoft Visual Studio Solution File, Format Version 12.00
# Visual Studio Version 17
VisualStudioVersion = 17.2.32602.215
MinimumVisualStudioVersion = 10.0.40219.1
Project("{2150E333-8FDC-42A3-9474-1A3956D46DE8}") = "src", "src", "{94B97163-ED80-4351-B45C-A89A5C758E8C}"
EndProject
Project("{2150E333-8FDC-42A3-9474-1A3956D46DE8}") = "TDStore", "TDStore", "{C7D9553D-9AD1-42E2-91BE-8B7D866E8253}"
EndProject
Project("{2150E333-8FDC-42A3-9474-1A3956D46DE8}") = "Identity", "Identity", "{1204FA31-F1A5-44A8-AA02-5FB912736C4D}"
EndProject
Project("{2150E333-8FDC-42A3-9474-1A3956D46DE8}") = "ShoppingCart", "ShoppingCart", "{9385250C-122F-45D1-B70F-3F0390C2FD54}"
EndProject
Project("{2150E333-8FDC-42A3-9474-1A3956D46DE8}") = "Catalog", "Catalog", "{8E8192B3-D305-4ED6-93C5-B32353B7947B}"
EndProject
Project("{2150E333-8FDC-42A3-9474-1A3956D46DE8}") = "Client", "Client", "{F7165534-6A18-4F36-B88D-8894C68D8F7C}"
EndProject
Project("{2150E333-8FDC-42A3-9474-1A3956D46DE8}") = "Order", "Order", "{95493319-FB4D-4746-9E53-A03C22EBDA5D}"
EndProject
Project("{2150E333-8FDC-42A3-9474-1A3956D46DE8}") = "VirtualStore", "VirtualStore", "{8F0C6D75-9F6F-4041-B5C2-7C477F57971C}"
EndProject
Project("{2150E333-8FDC-42A3-9474-1A3956D46DE8}") = "Admin", "Admin", "{1D9B9F77-119A-40E3-B107-C163CBF8456C}"
EndProject
Project("{FAE04EC0-301F-11D3-BF4B-00C04F79EFBC}") = "TDStore.Identity", "src\Identity\TDStore.Identity\TDStore.Identity.csproj", "{2B5947A3-F7FB-418E-9F9E-DF885FE9ACA2}"
EndProject
Project("{FAE04EC0-301F-11D3-BF4B-00C04F79EFBC}") = "TDStore.Identity.Contracts", "src\Identity\TDStore.Identity.Contracts\TDStore.Identity.Contracts.csproj", "{1BB874DA-3E6B-445F-89BF-10595FD28F46}"
EndProject
Project("{2150E333-8FDC-42A3-9474-1A3956D46DE8}") = "Core", "Core", "{2816AC29-D8BA-4DDB-9DB4-189BA6B3FBB6}"
EndProject
Project("{FAE04EC0-301F-11D3-BF4B-00C04F79EFBC}") = "TDStore.Core", "src\TDStore\Core\TDStore.Core\TDStore.Core.csproj", "{01C4BB36-350C-446D-BAE2-4BFD0D8798C1}"
EndProject
Project("{2150E333-8FDC-42A3-9474-1A3956D46DE8}") = "Config", "Config", "{D9CACD7D-3916-4726-B398-14DA4ACB17FD}"
EndProject
Project("{FAE04EC0-301F-11D3-BF4B-00C04F79EFBC}") = "TDStore.Config", "src\TDStore\Config\TDStore.Config\TDStore.Config.csproj", "{FD32DFB6-DC73-4E2E-8128-CE5292371D38}"
EndProject
Global
	GlobalSection(SolutionConfigurationPlatforms) = preSolution
		Debug|Any CPU = Debug|Any CPU
		Release|Any CPU = Release|Any CPU
	EndGlobalSection
	GlobalSection(ProjectConfigurationPlatforms) = postSolution
		{2B5947A3-F7FB-418E-9F9E-DF885FE9ACA2}.Debug|Any CPU.ActiveCfg = Debug|Any CPU
		{2B5947A3-F7FB-418E-9F9E-DF885FE9ACA2}.Debug|Any CPU.Build.0 = Debug|Any CPU
		{2B5947A3-F7FB-418E-9F9E-DF885FE9ACA2}.Release|Any CPU.ActiveCfg = Release|Any CPU
		{2B5947A3-F7FB-418E-9F9E-DF885FE9ACA2}.Release|Any CPU.Build.0 = Release|Any CPU
		{1BB874DA-3E6B-445F-89BF-10595FD28F46}.Debug|Any CPU.ActiveCfg = Debug|Any CPU
		{1BB874DA-3E6B-445F-89BF-10595FD28F46}.Debug|Any CPU.Build.0 = Debug|Any CPU
		{1BB874DA-3E6B-445F-89BF-10595FD28F46}.Release|Any CPU.ActiveCfg = Release|Any CPU
		{1BB874DA-3E6B-445F-89BF-10595FD28F46}.Release|Any CPU.Build.0 = Release|Any CPU
		{01C4BB36-350C-446D-BAE2-4BFD0D8798C1}.Debug|Any CPU.ActiveCfg = Debug|Any CPU
		{01C4BB36-350C-446D-BAE2-4BFD0D8798C1}.Debug|Any CPU.Build.0 = Debug|Any CPU
		{01C4BB36-350C-446D-BAE2-4BFD0D8798C1}.Release|Any CPU.ActiveCfg = Release|Any CPU
		{01C4BB36-350C-446D-BAE2-4BFD0D8798C1}.Release|Any CPU.Build.0 = Release|Any CPU
		{FD32DFB6-DC73-4E2E-8128-CE5292371D38}.Debug|Any CPU.ActiveCfg = Debug|Any CPU
		{FD32DFB6-DC73-4E2E-8128-CE5292371D38}.Debug|Any CPU.Build.0 = Debug|Any CPU
		{FD32DFB6-DC73-4E2E-8128-CE5292371D38}.Release|Any CPU.ActiveCfg = Release|Any CPU
		{FD32DFB6-DC73-4E2E-8128-CE5292371D38}.Release|Any CPU.Build.0 = Release|Any CPU
	EndGlobalSection
	GlobalSection(SolutionProperties) = preSolution
		HideSolutionNode = FALSE
	EndGlobalSection
	GlobalSection(NestedProjects) = preSolution
		{C7D9553D-9AD1-42E2-91BE-8B7D866E8253} = {94B97163-ED80-4351-B45C-A89A5C758E8C}
		{1204FA31-F1A5-44A8-AA02-5FB912736C4D} = {94B97163-ED80-4351-B45C-A89A5C758E8C}
		{9385250C-122F-45D1-B70F-3F0390C2FD54} = {94B97163-ED80-4351-B45C-A89A5C758E8C}
		{8E8192B3-D305-4ED6-93C5-B32353B7947B} = {94B97163-ED80-4351-B45C-A89A5C758E8C}
		{F7165534-6A18-4F36-B88D-8894C68D8F7C} = {94B97163-ED80-4351-B45C-A89A5C758E8C}
		{95493319-FB4D-4746-9E53-A03C22EBDA5D} = {94B97163-ED80-4351-B45C-A89A5C758E8C}
		{8F0C6D75-9F6F-4041-B5C2-7C477F57971C} = {94B97163-ED80-4351-B45C-A89A5C758E8C}
		{1D9B9F77-119A-40E3-B107-C163CBF8456C} = {94B97163-ED80-4351-B45C-A89A5C758E8C}
		{2B5947A3-F7FB-418E-9F9E-DF885FE9ACA2} = {1204FA31-F1A5-44A8-AA02-5FB912736C4D}
		{1BB874DA-3E6B-445F-89BF-10595FD28F46} = {1204FA31-F1A5-44A8-AA02-5FB912736C4D}
		{2816AC29-D8BA-4DDB-9DB4-189BA6B3FBB6} = {C7D9553D-9AD1-42E2-91BE-8B7D866E8253}
		{01C4BB36-350C-446D-BAE2-4BFD0D8798C1} = {2816AC29-D8BA-4DDB-9DB4-189BA6B3FBB6}
		{D9CACD7D-3916-4726-B398-14DA4ACB17FD} = {C7D9553D-9AD1-42E2-91BE-8B7D866E8253}
		{FD32DFB6-DC73-4E2E-8128-CE5292371D38} = {D9CACD7D-3916-4726-B398-14DA4ACB17FD}
	EndGlobalSection
	GlobalSection(ExtensibilityGlobals) = postSolution
		SolutionGuid = {555D4001-81E2-4E79-94FD-A4BDFED57ABB}
	EndGlobalSection
EndGlobal
